
Microsoft Visual Studio Solution File, Format Version 12.00
Project("{2150E333-8FDC-42A3-9474-1A3956D46DE8}") = "Behavioral", "Behavioral", "{F20C04F5-D490-48BE-8D11-C41171A2079C}"
EndProject
Project("{2150E333-8FDC-42A3-9474-1A3956D46DE8}") = "Creational", "Creational", "{B99FA928-9534-47B4-8A1E-C858769E526D}"
EndProject
Project("{2150E333-8FDC-42A3-9474-1A3956D46DE8}") = "Structural", "Structural", "{F573645C-11C1-4D0D-8AF7-788DD91B5822}"
EndProject
Project("{2150E333-8FDC-42A3-9474-1A3956D46DE8}") = "Strategy", "Strategy", "{53A5E020-9C74-4EEA-9A28-D1D44E753815}"
EndProject
Project("{2150E333-8FDC-42A3-9474-1A3956D46DE8}") = "Singleton", "Singleton", "{C384C2BD-E329-45A5-9826-78C277C047F6}"
EndProject
Project("{2150E333-8FDC-42A3-9474-1A3956D46DE8}") = "Command", "Command", "{DB8C46F2-6EAC-41E7-A30B-9082A71059DB}"
EndProject
Project("{2150E333-8FDC-42A3-9474-1A3956D46DE8}") = "Bridge", "Bridge", "{7B1606AD-8EC2-4564-97BD-58342D616FA1}"
EndProject
Project("{2150E333-8FDC-42A3-9474-1A3956D46DE8}") = "NullObject", "NullObject", "{BB124D4C-BB31-4C39-859D-8739E48CA3C9}"
EndProject
Project("{2150E333-8FDC-42A3-9474-1A3956D46DE8}") = "Specification", "Specification", "{7FED61F9-6F5A-47EC-A45C-EE3FE10E1BC3}"
EndProject
Project("{2150E333-8FDC-42A3-9474-1A3956D46DE8}") = "State", "State", "{632C4CAC-E634-4545-8B42-39AF14E93703}"
EndProject
Project("{2150E333-8FDC-42A3-9474-1A3956D46DE8}") = "DataAccess", "DataAccess", "{FDD7A622-C27F-40AA-BF15-EE9D3C4EBBA0}"
EndProject
Project("{2150E333-8FDC-42A3-9474-1A3956D46DE8}") = "Mediator", "Mediator", "{AC1C8ECC-53F0-4459-B504-DD10F2AC6CB5}"
EndProject
Project("{2150E333-8FDC-42A3-9474-1A3956D46DE8}") = "ChainOfResponsibility", "ChainOfResponsibility", "{BCB52748-7FFF-47E7-8E51-F9A7535203DC}"
EndProject
Project("{2150E333-8FDC-42A3-9474-1A3956D46DE8}") = "TemplateMethod", "TemplateMethod", "{ACE3BCEB-B06D-4A24-B066-D0E39984C909}"
EndProject
Project("{2150E333-8FDC-42A3-9474-1A3956D46DE8}") = "Visitor", "Visitor", "{0D62AFBA-B961-42E8-931B-1EFED8159997}"
EndProject
Project("{2150E333-8FDC-42A3-9474-1A3956D46DE8}") = "Memento", "Memento", "{23D1ABAF-F76C-45BE-AE23-29F759135C3C}"
EndProject
Project("{2150E333-8FDC-42A3-9474-1A3956D46DE8}") = "RulesEngine", "RulesEngine", "{D5AAF853-7E96-4B3B-8015-DB094C993152}"
EndProject
Project("{2150E333-8FDC-42A3-9474-1A3956D46DE8}") = "Builder", "Builder", "{029D2867-FB68-4C66-A682-EA07E92CF75C}"
EndProject
Project("{2150E333-8FDC-42A3-9474-1A3956D46DE8}") = "Prototype", "Prototype", "{4DA6DF26-6211-4883-9408-ABF61BD6E192}"
EndProject
Project("{2150E333-8FDC-42A3-9474-1A3956D46DE8}") = "Factories", "Factories", "{A355C991-E9A2-464E-90C7-F4397EDAE944}"
EndProject
Project("{2150E333-8FDC-42A3-9474-1A3956D46DE8}") = "Facade", "Facade", "{669D70F2-3981-4194-8C58-D6D14B1C366A}"
EndProject
Project("{2150E333-8FDC-42A3-9474-1A3956D46DE8}") = "Decorator", "Decorator", "{D826CC5C-136F-4E8B-AA12-45576AF24D4E}"
EndProject
Project("{2150E333-8FDC-42A3-9474-1A3956D46DE8}") = "Composite", "Composite", "{65EBD0F5-625D-4DA4-9C3D-98D1298B268F}"
EndProject
Project("{2150E333-8FDC-42A3-9474-1A3956D46DE8}") = "Adapter", "Adapter", "{0F2C8991-B380-47D5-B96A-CE4FFAC433BF}"
EndProject
Project("{2150E333-8FDC-42A3-9474-1A3956D46DE8}") = "Flyweight", "Flyweight", "{48CDCEE5-9F1A-48B6-B76C-DBC06FAE744D}"
EndProject
Project("{2150E333-8FDC-42A3-9474-1A3956D46DE8}") = "Proxy", "Proxy", "{63A72117-2843-48A2-9D13-B2CD0C40DCFC}"
EndProject
Project("{FAE04EC0-301F-11D3-BF4B-00C04F79EFBC}") = "StrategyPatternFirstLook", "StrategyPattern\StrategyPatternFirstLook\StrategyPatternFirstLook.csproj", "{8A18C579-72B9-4B3B-A13C-00BD9CFE793E}"
EndProject
Global
	GlobalSection(SolutionConfigurationPlatforms) = preSolution
		Debug|Any CPU = Debug|Any CPU
		Release|Any CPU = Release|Any CPU
	EndGlobalSection
	GlobalSection(NestedProjects) = preSolution
		{53A5E020-9C74-4EEA-9A28-D1D44E753815} = {F20C04F5-D490-48BE-8D11-C41171A2079C}
		{C384C2BD-E329-45A5-9826-78C277C047F6} = {F20C04F5-D490-48BE-8D11-C41171A2079C}
		{DB8C46F2-6EAC-41E7-A30B-9082A71059DB} = {F20C04F5-D490-48BE-8D11-C41171A2079C}
		{7B1606AD-8EC2-4564-97BD-58342D616FA1} = {F20C04F5-D490-48BE-8D11-C41171A2079C}
		{BB124D4C-BB31-4C39-859D-8739E48CA3C9} = {F20C04F5-D490-48BE-8D11-C41171A2079C}
		{7FED61F9-6F5A-47EC-A45C-EE3FE10E1BC3} = {F20C04F5-D490-48BE-8D11-C41171A2079C}
		{632C4CAC-E634-4545-8B42-39AF14E93703} = {F20C04F5-D490-48BE-8D11-C41171A2079C}
		{FDD7A622-C27F-40AA-BF15-EE9D3C4EBBA0} = {F20C04F5-D490-48BE-8D11-C41171A2079C}
		{AC1C8ECC-53F0-4459-B504-DD10F2AC6CB5} = {F20C04F5-D490-48BE-8D11-C41171A2079C}
		{BCB52748-7FFF-47E7-8E51-F9A7535203DC} = {F20C04F5-D490-48BE-8D11-C41171A2079C}
		{ACE3BCEB-B06D-4A24-B066-D0E39984C909} = {F20C04F5-D490-48BE-8D11-C41171A2079C}
		{0D62AFBA-B961-42E8-931B-1EFED8159997} = {F20C04F5-D490-48BE-8D11-C41171A2079C}
		{23D1ABAF-F76C-45BE-AE23-29F759135C3C} = {F20C04F5-D490-48BE-8D11-C41171A2079C}
		{D5AAF853-7E96-4B3B-8015-DB094C993152} = {F20C04F5-D490-48BE-8D11-C41171A2079C}
		{029D2867-FB68-4C66-A682-EA07E92CF75C} = {B99FA928-9534-47B4-8A1E-C858769E526D}
		{4DA6DF26-6211-4883-9408-ABF61BD6E192} = {B99FA928-9534-47B4-8A1E-C858769E526D}
		{A355C991-E9A2-464E-90C7-F4397EDAE944} = {B99FA928-9534-47B4-8A1E-C858769E526D}
		{669D70F2-3981-4194-8C58-D6D14B1C366A} = {F573645C-11C1-4D0D-8AF7-788DD91B5822}
		{D826CC5C-136F-4E8B-AA12-45576AF24D4E} = {F573645C-11C1-4D0D-8AF7-788DD91B5822}
		{65EBD0F5-625D-4DA4-9C3D-98D1298B268F} = {F573645C-11C1-4D0D-8AF7-788DD91B5822}
		{0F2C8991-B380-47D5-B96A-CE4FFAC433BF} = {F573645C-11C1-4D0D-8AF7-788DD91B5822}
		{48CDCEE5-9F1A-48B6-B76C-DBC06FAE744D} = {F573645C-11C1-4D0D-8AF7-788DD91B5822}
		{63A72117-2843-48A2-9D13-B2CD0C40DCFC} = {F573645C-11C1-4D0D-8AF7-788DD91B5822}
		{8A18C579-72B9-4B3B-A13C-00BD9CFE793E} = {53A5E020-9C74-4EEA-9A28-D1D44E753815}
	EndGlobalSection
	GlobalSection(ProjectConfigurationPlatforms) = postSolution
		{8A18C579-72B9-4B3B-A13C-00BD9CFE793E}.Debug|Any CPU.ActiveCfg = Debug|Any CPU
		{8A18C579-72B9-4B3B-A13C-00BD9CFE793E}.Debug|Any CPU.Build.0 = Debug|Any CPU
		{8A18C579-72B9-4B3B-A13C-00BD9CFE793E}.Release|Any CPU.ActiveCfg = Release|Any CPU
		{8A18C579-72B9-4B3B-A13C-00BD9CFE793E}.Release|Any CPU.Build.0 = Release|Any CPU
	EndGlobalSection
EndGlobal
